
Microsoft Visual Studio Solution File, Format Version 12.00
Project("{FAE04EC0-301F-11D3-BF4B-00C04F79EFBC}") = "logging-performance", "logging-performance\logging-performance.csproj", "{EC4962D2-AAE3-42E0-81DA-A44B276B8BB1}"
EndProject
Global
	GlobalSection(SolutionConfigurationPlatforms) = preSolution
		Debug|Any CPU = Debug|Any CPU
		Release|Any CPU = Release|Any CPU
	EndGlobalSection
	GlobalSection(ProjectConfigurationPlatforms) = postSolution
		{EC4962D2-AAE3-42E0-81DA-A44B276B8BB1}.Debug|Any CPU.ActiveCfg = Debug|Any CPU
		{EC4962D2-AAE3-42E0-81DA-A44B276B8BB1}.Debug|Any CPU.Build.0 = Debug|Any CPU
		{EC4962D2-AAE3-42E0-81DA-A44B276B8BB1}.Release|Any CPU.ActiveCfg = Release|Any CPU
		{EC4962D2-AAE3-42E0-81DA-A44B276B8BB1}.Release|Any CPU.Build.0 = Release|Any CPU
	EndGlobalSection
EndGlobal
